
Microsoft Visual Studio Solution File, Format Version 12.00
# Visual Studio 15
VisualStudioVersion = 15.0.28307.572
MinimumVisualStudioVersion = 10.0.40219.1
Project("{FAE04EC0-301F-11D3-BF4B-00C04F79EFBC}") = "Ejercicio4ValiDeCadenas", "Ejercicio4ValiDeCadenas\Ejercicio4ValiDeCadenas.csproj", "{0A73C663-FDC2-4A0F-A262-18590899F5D6}"
EndProject
Global
	GlobalSection(SolutionConfigurationPlatforms) = preSolution
		Debug|Any CPU = Debug|Any CPU
		Release|Any CPU = Release|Any CPU
	EndGlobalSection
	GlobalSection(ProjectConfigurationPlatforms) = postSolution
		{0A73C663-FDC2-4A0F-A262-18590899F5D6}.Debug|Any CPU.ActiveCfg = Debug|Any CPU
		{0A73C663-FDC2-4A0F-A262-18590899F5D6}.Debug|Any CPU.Build.0 = Debug|Any CPU
		{0A73C663-FDC2-4A0F-A262-18590899F5D6}.Release|Any CPU.ActiveCfg = Release|Any CPU
		{0A73C663-FDC2-4A0F-A262-18590899F5D6}.Release|Any CPU.Build.0 = Release|Any CPU
	EndGlobalSection
	GlobalSection(SolutionProperties) = preSolution
		HideSolutionNode = FALSE
	EndGlobalSection
	GlobalSection(ExtensibilityGlobals) = postSolution
		SolutionGuid = {3FE876BB-A2E6-4152-AE43-B73209050073}
	EndGlobalSection
EndGlobal
